
Microsoft Visual Studio Solution File, Format Version 12.00
# Visual Studio Version 16
VisualStudioVersion = 16.0.30804.86
MinimumVisualStudioVersion = 10.0.40219.1
Project("{FAE04EC0-301F-11D3-BF4B-00C04F79EFBC}") = "WebAPITest", "WebAPITest.csproj", "{031D7629-CCAA-4A26-AA4F-F7126DB77F67}"
EndProject
Global
	GlobalSection(SolutionConfigurationPlatforms) = preSolution
		Debug|Any CPU = Debug|Any CPU
		Release|Any CPU = Release|Any CPU
	EndGlobalSection
	GlobalSection(ProjectConfigurationPlatforms) = postSolution
		{031D7629-CCAA-4A26-AA4F-F7126DB77F67}.Debug|Any CPU.ActiveCfg = Debug|Any CPU
		{031D7629-CCAA-4A26-AA4F-F7126DB77F67}.Debug|Any CPU.Build.0 = Debug|Any CPU
		{031D7629-CCAA-4A26-AA4F-F7126DB77F67}.Release|Any CPU.ActiveCfg = Release|Any CPU
		{031D7629-CCAA-4A26-AA4F-F7126DB77F67}.Release|Any CPU.Build.0 = Release|Any CPU
	EndGlobalSection
	GlobalSection(SolutionProperties) = preSolution
		HideSolutionNode = FALSE
	EndGlobalSection
	GlobalSection(ExtensibilityGlobals) = postSolution
		SolutionGuid = {DB4B73A6-01AB-4A6C-A3A2-4179B538858B}
	EndGlobalSection
EndGlobal
